
Microsoft Visual Studio Solution File, Format Version 12.00
# Visual Studio 15
VisualStudioVersion = 15.0.27130.2036
MinimumVisualStudioVersion = 10.0.40219.1
Project("{9A19103F-16F7-4668-BE54-9A1E7A4F7556}") = "Inlupp1", "Inlupp1\Inlupp1.csproj", "{D197D58D-48AC-4EFD-852C-12FD76170F6A}"
EndProject
Project("{9A19103F-16F7-4668-BE54-9A1E7A4F7556}") = "Övningar", "Övningar\Övningar.csproj", "{A3F44CE4-2F28-4D07-A4EC-217A100A4206}"
EndProject
Project("{9A19103F-16F7-4668-BE54-9A1E7A4F7556}") = "Inlupp2", "Inlupp2\Inlupp2.csproj", "{31E2BBFE-8B0D-42D4-BCD6-82B12C5F5A7D}"
EndProject
Project("{FAE04EC0-301F-11D3-BF4B-00C04F79EFBC}") = "Inlupp3", "Inlupp3\Inlupp3.csproj", "{43AAD477-38B2-46D3-841B-68B4E0149C21}"
EndProject
Global
	GlobalSection(SolutionConfigurationPlatforms) = preSolution
		Debug|Any CPU = Debug|Any CPU
		Release|Any CPU = Release|Any CPU
	EndGlobalSection
	GlobalSection(ProjectConfigurationPlatforms) = postSolution
		{D197D58D-48AC-4EFD-852C-12FD76170F6A}.Debug|Any CPU.ActiveCfg = Debug|Any CPU
		{D197D58D-48AC-4EFD-852C-12FD76170F6A}.Debug|Any CPU.Build.0 = Debug|Any CPU
		{D197D58D-48AC-4EFD-852C-12FD76170F6A}.Release|Any CPU.ActiveCfg = Release|Any CPU
		{D197D58D-48AC-4EFD-852C-12FD76170F6A}.Release|Any CPU.Build.0 = Release|Any CPU
		{A3F44CE4-2F28-4D07-A4EC-217A100A4206}.Debug|Any CPU.ActiveCfg = Debug|Any CPU
		{A3F44CE4-2F28-4D07-A4EC-217A100A4206}.Debug|Any CPU.Build.0 = Debug|Any CPU
		{A3F44CE4-2F28-4D07-A4EC-217A100A4206}.Release|Any CPU.ActiveCfg = Release|Any CPU
		{A3F44CE4-2F28-4D07-A4EC-217A100A4206}.Release|Any CPU.Build.0 = Release|Any CPU
		{31E2BBFE-8B0D-42D4-BCD6-82B12C5F5A7D}.Debug|Any CPU.ActiveCfg = Debug|Any CPU
		{31E2BBFE-8B0D-42D4-BCD6-82B12C5F5A7D}.Debug|Any CPU.Build.0 = Debug|Any CPU
		{31E2BBFE-8B0D-42D4-BCD6-82B12C5F5A7D}.Release|Any CPU.ActiveCfg = Release|Any CPU
		{31E2BBFE-8B0D-42D4-BCD6-82B12C5F5A7D}.Release|Any CPU.Build.0 = Release|Any CPU
		{43AAD477-38B2-46D3-841B-68B4E0149C21}.Debug|Any CPU.ActiveCfg = Debug|Any CPU
		{43AAD477-38B2-46D3-841B-68B4E0149C21}.Debug|Any CPU.Build.0 = Debug|Any CPU
		{43AAD477-38B2-46D3-841B-68B4E0149C21}.Release|Any CPU.ActiveCfg = Release|Any CPU
		{43AAD477-38B2-46D3-841B-68B4E0149C21}.Release|Any CPU.Build.0 = Release|Any CPU
	EndGlobalSection
	GlobalSection(SolutionProperties) = preSolution
		HideSolutionNode = FALSE
	EndGlobalSection
	GlobalSection(ExtensibilityGlobals) = postSolution
		SolutionGuid = {4F07DC50-3232-452C-BC28-D92ACECF89B3}
	EndGlobalSection
EndGlobal
